
Microsoft Visual Studio Solution File, Format Version 12.00
# Visual Studio Version 17
VisualStudioVersion = 17.4.33103.184
MinimumVisualStudioVersion = 10.0.40219.1
Project("{9A19103F-16F7-4668-BE54-9A1E7A4F7556}") = "RabbitMQClient", "RabbitMQClient\RabbitMQClient.csproj", "{47AD2278-1239-431A-B75B-7B3A1ED072F3}"
EndProject
Project("{FAE04EC0-301F-11D3-BF4B-00C04F79EFBC}") = "RabbitMQProducer", "RabbitMQProducer\RabbitMQProducer.csproj", "{91E70448-23F5-4D8A-9543-E8A420CAD177}"
EndProject
Global
	GlobalSection(SolutionConfigurationPlatforms) = preSolution
		Debug|Any CPU = Debug|Any CPU
		Release|Any CPU = Release|Any CPU
	EndGlobalSection
	GlobalSection(ProjectConfigurationPlatforms) = postSolution
		{47AD2278-1239-431A-B75B-7B3A1ED072F3}.Debug|Any CPU.ActiveCfg = Debug|Any CPU
		{47AD2278-1239-431A-B75B-7B3A1ED072F3}.Debug|Any CPU.Build.0 = Debug|Any CPU
		{47AD2278-1239-431A-B75B-7B3A1ED072F3}.Release|Any CPU.ActiveCfg = Release|Any CPU
		{47AD2278-1239-431A-B75B-7B3A1ED072F3}.Release|Any CPU.Build.0 = Release|Any CPU
		{91E70448-23F5-4D8A-9543-E8A420CAD177}.Debug|Any CPU.ActiveCfg = Debug|Any CPU
		{91E70448-23F5-4D8A-9543-E8A420CAD177}.Debug|Any CPU.Build.0 = Debug|Any CPU
		{91E70448-23F5-4D8A-9543-E8A420CAD177}.Release|Any CPU.ActiveCfg = Release|Any CPU
		{91E70448-23F5-4D8A-9543-E8A420CAD177}.Release|Any CPU.Build.0 = Release|Any CPU
	EndGlobalSection
	GlobalSection(SolutionProperties) = preSolution
		HideSolutionNode = FALSE
	EndGlobalSection
	GlobalSection(ExtensibilityGlobals) = postSolution
		SolutionGuid = {AD295B84-6737-4D37-AA1F-9F4DB167EAA8}
	EndGlobalSection
EndGlobal
